
Microsoft Visual Studio Solution File, Format Version 12.00
# Visual Studio Version 17
VisualStudioVersion = 17.9.34607.119
MinimumVisualStudioVersion = 10.0.40219.1
Project("{FAE04EC0-301F-11D3-BF4B-00C04F79EFBC}") = "WebAPIAngular.Server", "WebAPIAngular.Server\WebAPIAngular.Server.csproj", "{9B15F7A6-2A19-4A90-BFB9-5AD5FF4EEC1D}"
EndProject
Project("{54A90642-561A-4BB1-A94E-469ADEE60C69}") = "webapiangular.client", "webapiangular.client\webapiangular.client.esproj", "{F7AD0FCD-2BCB-4AB6-83EE-A5EBA78B5285}"
EndProject
Global
	GlobalSection(SolutionConfigurationPlatforms) = preSolution
		Debug|Any CPU = Debug|Any CPU
		Release|Any CPU = Release|Any CPU
	EndGlobalSection
	GlobalSection(ProjectConfigurationPlatforms) = postSolution
		{9B15F7A6-2A19-4A90-BFB9-5AD5FF4EEC1D}.Debug|Any CPU.ActiveCfg = Debug|Any CPU
		{9B15F7A6-2A19-4A90-BFB9-5AD5FF4EEC1D}.Debug|Any CPU.Build.0 = Debug|Any CPU
		{9B15F7A6-2A19-4A90-BFB9-5AD5FF4EEC1D}.Release|Any CPU.ActiveCfg = Release|Any CPU
		{9B15F7A6-2A19-4A90-BFB9-5AD5FF4EEC1D}.Release|Any CPU.Build.0 = Release|Any CPU
		{F7AD0FCD-2BCB-4AB6-83EE-A5EBA78B5285}.Debug|Any CPU.ActiveCfg = Debug|Any CPU
		{F7AD0FCD-2BCB-4AB6-83EE-A5EBA78B5285}.Debug|Any CPU.Build.0 = Debug|Any CPU
		{F7AD0FCD-2BCB-4AB6-83EE-A5EBA78B5285}.Debug|Any CPU.Deploy.0 = Debug|Any CPU
		{F7AD0FCD-2BCB-4AB6-83EE-A5EBA78B5285}.Release|Any CPU.ActiveCfg = Release|Any CPU
		{F7AD0FCD-2BCB-4AB6-83EE-A5EBA78B5285}.Release|Any CPU.Build.0 = Release|Any CPU
		{F7AD0FCD-2BCB-4AB6-83EE-A5EBA78B5285}.Release|Any CPU.Deploy.0 = Release|Any CPU
	EndGlobalSection
	GlobalSection(SolutionProperties) = preSolution
		HideSolutionNode = FALSE
	EndGlobalSection
	GlobalSection(ExtensibilityGlobals) = postSolution
		SolutionGuid = {B4F9532A-9E3C-494E-A7A7-9F8D5E9D42F5}
	EndGlobalSection
EndGlobal
